{
  "name": "aircondition",
  "version": "1.0.0",
  "lockfileVersion": 2,
  "requires": true,
  "packages": {
    "": {
      "name": "aircondition",
      "version": "1.0.0",
      "license": "MIT",
      "dependencies": {
        "leif-tools": "file:leif-tools-1.0.0.tgz",
        "openhab_rules_tools": "^1.1.4"
      },
      "devDependencies": {
        "openhab": "^2.0.4"
      }
    },
    "node_modules/@js-joda/core": {
      "version": "4.3.1",
      "resolved": "https://registry.npmjs.org/@js-joda/core/-/core-4.3.1.tgz",
      "integrity": "sha512-oeaetlodcqVsiZDxnEcqsbs+sXBkASxua0mXs5OXuPQXz3/wdPTMlxwfQ4z2HKcOik3S9voW3QJkp/KLWDhvRQ==",
      "dev": true
    },
    "node_modules/@js-joda/timezone": {
      "version": "2.15.0",
      "resolved": "https://registry.npmjs.org/@js-joda/timezone/-/timezone-2.15.0.tgz",
      "integrity": "sha512-J7afu2PNR71IUvhZW4IBX+BpuuTESk9A1UklZz6T3g3yBsVER60lLueHop1iMXbqnTh85qPQ7NVRbgSYKK4BcA==",
      "dev": true,
      "peerDependencies": {
        "@js-joda/core": ">=1.11.0"
      }
    },
    "node_modules/leif-tools": {
      "version": "1.0.0",
      "resolved": "file:leif-tools-1.0.0.tgz",
      "integrity": "sha512-9uF+KhnGviYRv9W6U6swG5/qVgBCTWr63KxEp75l20TDPH+XFzcuZQe/WW0iMqInCLKwk0alRw8Q+D1cIWRgmQ==",
      "license": "MIT"
    },
    "node_modules/openhab": {
      "version": "2.0.4",
      "resolved": "https://registry.npmjs.org/openhab/-/openhab-2.0.4.tgz",
      "integrity": "sha512-/cokDdGgXFvN3ICu2RV1dKr5L/ktarSoqxR+lTuPMsbSuWffj2Yq43XRT8Pjtz0hylRSkW69G1GiYGg+5mfwKg==",
      "dev": true,
      "dependencies": {
        "@js-joda/core": "^4.3.1",
        "@js-joda/timezone": "^2.11.1",
        "parse-duration": "^0.1.1"
      }
    },
    "node_modules/openhab_rules_tools": {
      "version": "1.1.4",
      "resolved": "https://registry.npmjs.org/openhab_rules_tools/-/openhab_rules_tools-1.1.4.tgz",
      "integrity": "sha512-YmK/Z6XydCnhxCgGybHZrQOBukVk8YeATncqRwAALFsuClSBeMcGkJpBHe6ku7Ph/9M2Puv26i+VEqnrvstQrw=="
    },
    "node_modules/parse-duration": {
      "version": "0.1.3",
      "resolved": "https://registry.npmjs.org/parse-duration/-/parse-duration-0.1.3.tgz",
      "integrity": "sha512-hMOZHfUmjxO5hMKn7Eft+ckP2M4nV4yzauLXiw3PndpkASnx5r8pDAMcOAiqxoemqWjMWmz4fOHQM6n6WwETXw==",
      "dev": true
    }
  },
  "dependencies": {
    "@js-joda/core": {
      "version": "4.3.1",
      "resolved": "https://registry.npmjs.org/@js-joda/core/-/core-4.3.1.tgz",
      "integrity": "sha512-oeaetlodcqVsiZDxnEcqsbs+sXBkASxua0mXs5OXuPQXz3/wdPTMlxwfQ4z2HKcOik3S9voW3QJkp/KLWDhvRQ==",
      "dev": true
    },
    "@js-joda/timezone": {
      "version": "2.15.0",
      "resolved": "https://registry.npmjs.org/@js-joda/timezone/-/timezone-2.15.0.tgz",
      "integrity": "sha512-J7afu2PNR71IUvhZW4IBX+BpuuTESk9A1UklZz6T3g3yBsVER60lLueHop1iMXbqnTh85qPQ7NVRbgSYKK4BcA==",
      "dev": true,
      "requires": {}
    },
    "leif-tools": {
      "version": "file:leif-tools-1.0.0.tgz",
      "integrity": "sha512-9uF+KhnGviYRv9W6U6swG5/qVgBCTWr63KxEp75l20TDPH+XFzcuZQe/WW0iMqInCLKwk0alRw8Q+D1cIWRgmQ=="
    },
    "openhab": {
      "version": "2.0.4",
      "resolved": "https://registry.npmjs.org/openhab/-/openhab-2.0.4.tgz",
      "integrity": "sha512-/cokDdGgXFvN3ICu2RV1dKr5L/ktarSoqxR+lTuPMsbSuWffj2Yq43XRT8Pjtz0hylRSkW69G1GiYGg+5mfwKg==",
      "dev": true,
      "requires": {
        "@js-joda/core": "^4.3.1",
        "@js-joda/timezone": "^2.11.1",
        "parse-duration": "^0.1.1"
      }
    },
    "openhab_rules_tools": {
      "version": "1.1.4",
      "resolved": "https://registry.npmjs.org/openhab_rules_tools/-/openhab_rules_tools-1.1.4.tgz",
      "integrity": "sha512-YmK/Z6XydCnhxCgGybHZrQOBukVk8YeATncqRwAALFsuClSBeMcGkJpBHe6ku7Ph/9M2Puv26i+VEqnrvstQrw=="
    },
    "parse-duration": {
      "version": "0.1.3",
      "resolved": "https://registry.npmjs.org/parse-duration/-/parse-duration-0.1.3.tgz",
      "integrity": "sha512-hMOZHfUmjxO5hMKn7Eft+ckP2M4nV4yzauLXiw3PndpkASnx5r8pDAMcOAiqxoemqWjMWmz4fOHQM6n6WwETXw==",
      "dev": true
    }
  }
}
